
Microsoft Visual Studio Solution File, Format Version 12.00
# Visual Studio Version 16
VisualStudioVersion = 16.0.29411.108
MinimumVisualStudioVersion = 10.0.40219.1
Project("{FAE04EC0-301F-11D3-BF4B-00C04F79EFBC}") = "fw.Entities", "fw.BE\fw.Entities.csproj", "{70526053-2B6B-4D3A-804E-DA996B81D7B7}"
EndProject
Project("{FAE04EC0-301F-11D3-BF4B-00C04F79EFBC}") = "fw.Services", "fw.BLL\fw.Services.csproj", "{A9F45A17-4119-4A1E-98EF-DA25820E1E06}"
EndProject
Project("{2150E333-8FDC-42A3-9474-1A3956D46DE8}") = "Framework", "Framework", "{8AC5F858-2AF6-4949-B527-B0804670B9AA}"
EndProject
Project("{FAE04EC0-301F-11D3-BF4B-00C04F79EFBC}") = "fw.Interfaces", "fw.Interfaces\fw.Interfaces.csproj", "{0D4EACA1-3684-49FB-A423-326E525EFF07}"
EndProject
Project("{FAE04EC0-301F-11D3-BF4B-00C04F79EFBC}") = "fw.Repositories", "fw.Repositorio\fw.Repositories.csproj", "{16ECB962-86FB-4F0F-888C-3B9F9CAC40E7}"
EndProject
Project("{FAE04EC0-301F-11D3-BF4B-00C04F79EFBC}") = "fw.ServicesManagerEntities", "fw.ServicioBE\fw.ServicesManagerEntities.csproj", "{FF38B677-3476-4693-898E-D25CB58D4638}"
EndProject
Project("{FAE04EC0-301F-11D3-BF4B-00C04F79EFBC}") = "fw.ServicesManager", "fw.Servicio.BLL\fw.ServicesManager.csproj", "{0B096B7B-DA02-4C99-899A-A6A3661CA045}"
EndProject
Project("{FAE04EC0-301F-11D3-BF4B-00C04F79EFBC}") = "fw.ServicesManagerRepository", "fw.Servicio.Repositorio\fw.ServicesManagerRepository.csproj", "{8B75D37B-3547-48FB-952A-0FA23FCA077A}"
EndProject
Project("{FAE04EC0-301F-11D3-BF4B-00C04F79EFBC}") = "fw.Validator", "fw.Validator\fw.Validator.csproj", "{7692169C-5910-4723-9CB4-C7B75776E844}"
EndProject
Project("{2150E333-8FDC-42A3-9474-1A3956D46DE8}") = "Implementation", "Implementation", "{BD3F8D78-37AE-4323-86FB-667C32020EE5}"
EndProject
Project("{FAE04EC0-301F-11D3-BF4B-00C04F79EFBC}") = "Imp.Entities", "Imp.BE\Imp.Entities.csproj", "{1D32420A-E0D5-49C4-B83F-A77DD3D46BA6}"
EndProject
Project("{FAE04EC0-301F-11D3-BF4B-00C04F79EFBC}") = "Imp.Services", "Imp.BLL\Imp.Services.csproj", "{2C0EB8B7-0571-4166-94E0-714A88B9CE32}"
EndProject
Project("{FAE04EC0-301F-11D3-BF4B-00C04F79EFBC}") = "Imp.Repositories", "Imp.Repositorio\Imp.Repositories.csproj", "{02C16077-F02D-428E-A8FB-C43189B2B6C8}"
EndProject
Project("{FAE04EC0-301F-11D3-BF4B-00C04F79EFBC}") = "Imp.ServicesManager", "Imp.Servicio\Imp.ServicesManager.csproj", "{62DE781C-57A7-4597-82DA-F9B659E3D6F2}"
EndProject
Project("{FAE04EC0-301F-11D3-BF4B-00C04F79EFBC}") = "Imp.ServicesManagerRepositories", "Imp.Servicio.Repositorio\Imp.ServicesManagerRepositories.csproj", "{66803837-2A05-4B77-A0BB-D3B0F2BE26A8}"
EndProject
Project("{FAE04EC0-301F-11D3-BF4B-00C04F79EFBC}") = "Imp.ServicesManagerEntities", "Imp.ServicioBE\Imp.ServicesManagerEntities.csproj", "{A11CF2F9-A894-476A-B4DA-4B4C6B5DE0F2}"
EndProject
Project("{FAE04EC0-301F-11D3-BF4B-00C04F79EFBC}") = "Imp.Validator", "Imp.Validator\Imp.Validator.csproj", "{7C69A2A5-3807-45D5-B2A3-856CA08CA9B8}"
EndProject
Project("{FAE04EC0-301F-11D3-BF4B-00C04F79EFBC}") = "Imp.Val", "Imp.Val\Imp.Val.csproj", "{AA997E97-ECB9-467E-8DEB-B0C10E1685F5}"
EndProject
Project("{FAE04EC0-301F-11D3-BF4B-00C04F79EFBC}") = "Imp.ValidatorBE", "Imp.ValidatorBE\Imp.ValidatorBE.csproj", "{500FE3FF-4359-41D0-9874-1AD01C8E91CF}"
EndProject
Project("{2150E333-8FDC-42A3-9474-1A3956D46DE8}") = "Provider", "Provider", "{BFC3C895-D659-4A2A-9541-94495C3C153A}"
EndProject
Project("{FAE04EC0-301F-11D3-BF4B-00C04F79EFBC}") = "SQL.Provider", "SQL.Provider\SQL.Provider.csproj", "{20E100FF-D7F4-434C-ADAE-26FDCC456A85}"
EndProject
Project("{FAE04EC0-301F-11D3-BF4B-00C04F79EFBC}") = "InMemory.Provider", "InMemory.Provider\InMemory.Provider.csproj", "{E23BFDD5-CCEE-46C3-8080-5672DD5A7462}"
EndProject
Project("{FAE04EC0-301F-11D3-BF4B-00C04F79EFBC}") = "fw.Security", "fw.Seguridad\fw.Security.csproj", "{9F256280-A69B-4083-80DD-DC6971281705}"
EndProject
Project("{2150E333-8FDC-42A3-9474-1A3956D46DE8}") = "User Interfaces", "User Interfaces", "{5E18D325-3676-43B3-926A-5DCEA27E6B20}"
EndProject
Global
	GlobalSection(SolutionConfigurationPlatforms) = preSolution
		Debug|Any CPU = Debug|Any CPU
		Release|Any CPU = Release|Any CPU
	EndGlobalSection
	GlobalSection(ProjectConfigurationPlatforms) = postSolution
		{70526053-2B6B-4D3A-804E-DA996B81D7B7}.Debug|Any CPU.ActiveCfg = Debug|Any CPU
		{70526053-2B6B-4D3A-804E-DA996B81D7B7}.Debug|Any CPU.Build.0 = Debug|Any CPU
		{70526053-2B6B-4D3A-804E-DA996B81D7B7}.Release|Any CPU.ActiveCfg = Release|Any CPU
		{70526053-2B6B-4D3A-804E-DA996B81D7B7}.Release|Any CPU.Build.0 = Release|Any CPU
		{A9F45A17-4119-4A1E-98EF-DA25820E1E06}.Debug|Any CPU.ActiveCfg = Debug|Any CPU
		{A9F45A17-4119-4A1E-98EF-DA25820E1E06}.Debug|Any CPU.Build.0 = Debug|Any CPU
		{A9F45A17-4119-4A1E-98EF-DA25820E1E06}.Release|Any CPU.ActiveCfg = Release|Any CPU
		{A9F45A17-4119-4A1E-98EF-DA25820E1E06}.Release|Any CPU.Build.0 = Release|Any CPU
		{0D4EACA1-3684-49FB-A423-326E525EFF07}.Debug|Any CPU.ActiveCfg = Debug|Any CPU
		{0D4EACA1-3684-49FB-A423-326E525EFF07}.Debug|Any CPU.Build.0 = Debug|Any CPU
		{0D4EACA1-3684-49FB-A423-326E525EFF07}.Release|Any CPU.ActiveCfg = Release|Any CPU
		{0D4EACA1-3684-49FB-A423-326E525EFF07}.Release|Any CPU.Build.0 = Release|Any CPU
		{16ECB962-86FB-4F0F-888C-3B9F9CAC40E7}.Debug|Any CPU.ActiveCfg = Debug|Any CPU
		{16ECB962-86FB-4F0F-888C-3B9F9CAC40E7}.Debug|Any CPU.Build.0 = Debug|Any CPU
		{16ECB962-86FB-4F0F-888C-3B9F9CAC40E7}.Release|Any CPU.ActiveCfg = Release|Any CPU
		{16ECB962-86FB-4F0F-888C-3B9F9CAC40E7}.Release|Any CPU.Build.0 = Release|Any CPU
		{FF38B677-3476-4693-898E-D25CB58D4638}.Debug|Any CPU.ActiveCfg = Debug|Any CPU
		{FF38B677-3476-4693-898E-D25CB58D4638}.Debug|Any CPU.Build.0 = Debug|Any CPU
		{FF38B677-3476-4693-898E-D25CB58D4638}.Release|Any CPU.ActiveCfg = Release|Any CPU
		{FF38B677-3476-4693-898E-D25CB58D4638}.Release|Any CPU.Build.0 = Release|Any CPU
		{0B096B7B-DA02-4C99-899A-A6A3661CA045}.Debug|Any CPU.ActiveCfg = Debug|Any CPU
		{0B096B7B-DA02-4C99-899A-A6A3661CA045}.Debug|Any CPU.Build.0 = Debug|Any CPU
		{0B096B7B-DA02-4C99-899A-A6A3661CA045}.Release|Any CPU.ActiveCfg = Release|Any CPU
		{0B096B7B-DA02-4C99-899A-A6A3661CA045}.Release|Any CPU.Build.0 = Release|Any CPU
		{8B75D37B-3547-48FB-952A-0FA23FCA077A}.Debug|Any CPU.ActiveCfg = Debug|Any CPU
		{8B75D37B-3547-48FB-952A-0FA23FCA077A}.Debug|Any CPU.Build.0 = Debug|Any CPU
		{8B75D37B-3547-48FB-952A-0FA23FCA077A}.Release|Any CPU.ActiveCfg = Release|Any CPU
		{8B75D37B-3547-48FB-952A-0FA23FCA077A}.Release|Any CPU.Build.0 = Release|Any CPU
		{7692169C-5910-4723-9CB4-C7B75776E844}.Debug|Any CPU.ActiveCfg = Debug|Any CPU
		{7692169C-5910-4723-9CB4-C7B75776E844}.Debug|Any CPU.Build.0 = Debug|Any CPU
		{7692169C-5910-4723-9CB4-C7B75776E844}.Release|Any CPU.ActiveCfg = Release|Any CPU
		{7692169C-5910-4723-9CB4-C7B75776E844}.Release|Any CPU.Build.0 = Release|Any CPU
		{1D32420A-E0D5-49C4-B83F-A77DD3D46BA6}.Debug|Any CPU.ActiveCfg = Debug|Any CPU
		{1D32420A-E0D5-49C4-B83F-A77DD3D46BA6}.Debug|Any CPU.Build.0 = Debug|Any CPU
		{1D32420A-E0D5-49C4-B83F-A77DD3D46BA6}.Release|Any CPU.ActiveCfg = Release|Any CPU
		{1D32420A-E0D5-49C4-B83F-A77DD3D46BA6}.Release|Any CPU.Build.0 = Release|Any CPU
		{2C0EB8B7-0571-4166-94E0-714A88B9CE32}.Debug|Any CPU.ActiveCfg = Debug|Any CPU
		{2C0EB8B7-0571-4166-94E0-714A88B9CE32}.Debug|Any CPU.Build.0 = Debug|Any CPU
		{2C0EB8B7-0571-4166-94E0-714A88B9CE32}.Release|Any CPU.ActiveCfg = Release|Any CPU
		{2C0EB8B7-0571-4166-94E0-714A88B9CE32}.Release|Any CPU.Build.0 = Release|Any CPU
		{02C16077-F02D-428E-A8FB-C43189B2B6C8}.Debug|Any CPU.ActiveCfg = Debug|Any CPU
		{02C16077-F02D-428E-A8FB-C43189B2B6C8}.Debug|Any CPU.Build.0 = Debug|Any CPU
		{02C16077-F02D-428E-A8FB-C43189B2B6C8}.Release|Any CPU.ActiveCfg = Release|Any CPU
		{02C16077-F02D-428E-A8FB-C43189B2B6C8}.Release|Any CPU.Build.0 = Release|Any CPU
		{62DE781C-57A7-4597-82DA-F9B659E3D6F2}.Debug|Any CPU.ActiveCfg = Debug|Any CPU
		{62DE781C-57A7-4597-82DA-F9B659E3D6F2}.Debug|Any CPU.Build.0 = Debug|Any CPU
		{62DE781C-57A7-4597-82DA-F9B659E3D6F2}.Release|Any CPU.ActiveCfg = Release|Any CPU
		{62DE781C-57A7-4597-82DA-F9B659E3D6F2}.Release|Any CPU.Build.0 = Release|Any CPU
		{66803837-2A05-4B77-A0BB-D3B0F2BE26A8}.Debug|Any CPU.ActiveCfg = Debug|Any CPU
		{66803837-2A05-4B77-A0BB-D3B0F2BE26A8}.Debug|Any CPU.Build.0 = Debug|Any CPU
		{66803837-2A05-4B77-A0BB-D3B0F2BE26A8}.Release|Any CPU.ActiveCfg = Release|Any CPU
		{66803837-2A05-4B77-A0BB-D3B0F2BE26A8}.Release|Any CPU.Build.0 = Release|Any CPU
		{A11CF2F9-A894-476A-B4DA-4B4C6B5DE0F2}.Debug|Any CPU.ActiveCfg = Debug|Any CPU
		{A11CF2F9-A894-476A-B4DA-4B4C6B5DE0F2}.Debug|Any CPU.Build.0 = Debug|Any CPU
		{A11CF2F9-A894-476A-B4DA-4B4C6B5DE0F2}.Release|Any CPU.ActiveCfg = Release|Any CPU
		{A11CF2F9-A894-476A-B4DA-4B4C6B5DE0F2}.Release|Any CPU.Build.0 = Release|Any CPU
		{7C69A2A5-3807-45D5-B2A3-856CA08CA9B8}.Debug|Any CPU.ActiveCfg = Debug|Any CPU
		{7C69A2A5-3807-45D5-B2A3-856CA08CA9B8}.Debug|Any CPU.Build.0 = Debug|Any CPU
		{7C69A2A5-3807-45D5-B2A3-856CA08CA9B8}.Release|Any CPU.ActiveCfg = Release|Any CPU
		{7C69A2A5-3807-45D5-B2A3-856CA08CA9B8}.Release|Any CPU.Build.0 = Release|Any CPU
		{AA997E97-ECB9-467E-8DEB-B0C10E1685F5}.Debug|Any CPU.ActiveCfg = Debug|Any CPU
		{AA997E97-ECB9-467E-8DEB-B0C10E1685F5}.Debug|Any CPU.Build.0 = Debug|Any CPU
		{AA997E97-ECB9-467E-8DEB-B0C10E1685F5}.Release|Any CPU.ActiveCfg = Release|Any CPU
		{AA997E97-ECB9-467E-8DEB-B0C10E1685F5}.Release|Any CPU.Build.0 = Release|Any CPU
		{500FE3FF-4359-41D0-9874-1AD01C8E91CF}.Debug|Any CPU.ActiveCfg = Debug|Any CPU
		{500FE3FF-4359-41D0-9874-1AD01C8E91CF}.Debug|Any CPU.Build.0 = Debug|Any CPU
		{500FE3FF-4359-41D0-9874-1AD01C8E91CF}.Release|Any CPU.ActiveCfg = Release|Any CPU
		{500FE3FF-4359-41D0-9874-1AD01C8E91CF}.Release|Any CPU.Build.0 = Release|Any CPU
		{20E100FF-D7F4-434C-ADAE-26FDCC456A85}.Debug|Any CPU.ActiveCfg = Debug|Any CPU
		{20E100FF-D7F4-434C-ADAE-26FDCC456A85}.Debug|Any CPU.Build.0 = Debug|Any CPU
		{20E100FF-D7F4-434C-ADAE-26FDCC456A85}.Release|Any CPU.ActiveCfg = Release|Any CPU
		{20E100FF-D7F4-434C-ADAE-26FDCC456A85}.Release|Any CPU.Build.0 = Release|Any CPU
		{E23BFDD5-CCEE-46C3-8080-5672DD5A7462}.Debug|Any CPU.ActiveCfg = Debug|Any CPU
		{E23BFDD5-CCEE-46C3-8080-5672DD5A7462}.Debug|Any CPU.Build.0 = Debug|Any CPU
		{E23BFDD5-CCEE-46C3-8080-5672DD5A7462}.Release|Any CPU.ActiveCfg = Release|Any CPU
		{E23BFDD5-CCEE-46C3-8080-5672DD5A7462}.Release|Any CPU.Build.0 = Release|Any CPU
		{9F256280-A69B-4083-80DD-DC6971281705}.Debug|Any CPU.ActiveCfg = Debug|Any CPU
		{9F256280-A69B-4083-80DD-DC6971281705}.Debug|Any CPU.Build.0 = Debug|Any CPU
		{9F256280-A69B-4083-80DD-DC6971281705}.Release|Any CPU.ActiveCfg = Release|Any CPU
		{9F256280-A69B-4083-80DD-DC6971281705}.Release|Any CPU.Build.0 = Release|Any CPU
	EndGlobalSection
	GlobalSection(SolutionProperties) = preSolution
		HideSolutionNode = FALSE
	EndGlobalSection
	GlobalSection(NestedProjects) = preSolution
		{70526053-2B6B-4D3A-804E-DA996B81D7B7} = {8AC5F858-2AF6-4949-B527-B0804670B9AA}
		{A9F45A17-4119-4A1E-98EF-DA25820E1E06} = {8AC5F858-2AF6-4949-B527-B0804670B9AA}
		{0D4EACA1-3684-49FB-A423-326E525EFF07} = {8AC5F858-2AF6-4949-B527-B0804670B9AA}
		{16ECB962-86FB-4F0F-888C-3B9F9CAC40E7} = {8AC5F858-2AF6-4949-B527-B0804670B9AA}
		{FF38B677-3476-4693-898E-D25CB58D4638} = {8AC5F858-2AF6-4949-B527-B0804670B9AA}
		{0B096B7B-DA02-4C99-899A-A6A3661CA045} = {8AC5F858-2AF6-4949-B527-B0804670B9AA}
		{8B75D37B-3547-48FB-952A-0FA23FCA077A} = {8AC5F858-2AF6-4949-B527-B0804670B9AA}
		{7692169C-5910-4723-9CB4-C7B75776E844} = {8AC5F858-2AF6-4949-B527-B0804670B9AA}
		{1D32420A-E0D5-49C4-B83F-A77DD3D46BA6} = {BD3F8D78-37AE-4323-86FB-667C32020EE5}
		{2C0EB8B7-0571-4166-94E0-714A88B9CE32} = {BD3F8D78-37AE-4323-86FB-667C32020EE5}
		{02C16077-F02D-428E-A8FB-C43189B2B6C8} = {BD3F8D78-37AE-4323-86FB-667C32020EE5}
		{62DE781C-57A7-4597-82DA-F9B659E3D6F2} = {BD3F8D78-37AE-4323-86FB-667C32020EE5}
		{66803837-2A05-4B77-A0BB-D3B0F2BE26A8} = {BD3F8D78-37AE-4323-86FB-667C32020EE5}
		{A11CF2F9-A894-476A-B4DA-4B4C6B5DE0F2} = {BD3F8D78-37AE-4323-86FB-667C32020EE5}
		{7C69A2A5-3807-45D5-B2A3-856CA08CA9B8} = {BD3F8D78-37AE-4323-86FB-667C32020EE5}
		{AA997E97-ECB9-467E-8DEB-B0C10E1685F5} = {BD3F8D78-37AE-4323-86FB-667C32020EE5}
		{500FE3FF-4359-41D0-9874-1AD01C8E91CF} = {BD3F8D78-37AE-4323-86FB-667C32020EE5}
		{20E100FF-D7F4-434C-ADAE-26FDCC456A85} = {BFC3C895-D659-4A2A-9541-94495C3C153A}
		{E23BFDD5-CCEE-46C3-8080-5672DD5A7462} = {BFC3C895-D659-4A2A-9541-94495C3C153A}
		{9F256280-A69B-4083-80DD-DC6971281705} = {8AC5F858-2AF6-4949-B527-B0804670B9AA}
	EndGlobalSection
	GlobalSection(ExtensibilityGlobals) = postSolution
		SolutionGuid = {4A2D8D0B-C09B-40DF-B29D-6FE16C9030A5}
	EndGlobalSection
EndGlobal
